
Microsoft Visual Studio Solution File, Format Version 12.00
# Visual Studio Version 17
VisualStudioVersion = 17.7.34221.43
MinimumVisualStudioVersion = 10.0.40219.1
Project("{FAE04EC0-301F-11D3-BF4B-00C04F79EFBC}") = "silly_comp", "silly_comp.csproj", "{5ED5FC54-0AE1-4C53-9BEF-84E5C17335B4}"
EndProject
Global
	GlobalSection(SolutionConfigurationPlatforms) = preSolution
		Debug|Any CPU = Debug|Any CPU
		Release|Any CPU = Release|Any CPU
	EndGlobalSection
	GlobalSection(ProjectConfigurationPlatforms) = postSolution
		{5ED5FC54-0AE1-4C53-9BEF-84E5C17335B4}.Debug|Any CPU.ActiveCfg = Debug|Any CPU
		{5ED5FC54-0AE1-4C53-9BEF-84E5C17335B4}.Debug|Any CPU.Build.0 = Debug|Any CPU
		{5ED5FC54-0AE1-4C53-9BEF-84E5C17335B4}.Release|Any CPU.ActiveCfg = Release|Any CPU
		{5ED5FC54-0AE1-4C53-9BEF-84E5C17335B4}.Release|Any CPU.Build.0 = Release|Any CPU
	EndGlobalSection
	GlobalSection(SolutionProperties) = preSolution
		HideSolutionNode = FALSE
	EndGlobalSection
	GlobalSection(ExtensibilityGlobals) = postSolution
		SolutionGuid = {4A60C668-5DFC-49F5-90EC-2B17B7C7283C}
	EndGlobalSection
EndGlobal
